
Microsoft Visual Studio Solution File, Format Version 12.00
# Visual Studio Version 17
VisualStudioVersion = 17.0.32014.148
MinimumVisualStudioVersion = 10.0.40219.1
Project("{8BC9CEB8-8B4A-11D0-8D11-00A0C91BC942}") = "T12连连看", "T12连连看\T12连连看.vcxproj", "{7E4EC68F-689E-4DB4-A1A8-B0F8F6DC657A}"
EndProject
Global
	GlobalSection(SolutionConfigurationPlatforms) = preSolution
		Debug|x64 = Debug|x64
		Debug|x86 = Debug|x86
		Release|x64 = Release|x64
		Release|x86 = Release|x86
	EndGlobalSection
	GlobalSection(ProjectConfigurationPlatforms) = postSolution
		{7E4EC68F-689E-4DB4-A1A8-B0F8F6DC657A}.Debug|x64.ActiveCfg = Debug|x64
		{7E4EC68F-689E-4DB4-A1A8-B0F8F6DC657A}.Debug|x64.Build.0 = Debug|x64
		{7E4EC68F-689E-4DB4-A1A8-B0F8F6DC657A}.Debug|x86.ActiveCfg = Debug|Win32
		{7E4EC68F-689E-4DB4-A1A8-B0F8F6DC657A}.Debug|x86.Build.0 = Debug|Win32
		{7E4EC68F-689E-4DB4-A1A8-B0F8F6DC657A}.Release|x64.ActiveCfg = Release|x64
		{7E4EC68F-689E-4DB4-A1A8-B0F8F6DC657A}.Release|x64.Build.0 = Release|x64
		{7E4EC68F-689E-4DB4-A1A8-B0F8F6DC657A}.Release|x86.ActiveCfg = Release|Win32
		{7E4EC68F-689E-4DB4-A1A8-B0F8F6DC657A}.Release|x86.Build.0 = Release|Win32
	EndGlobalSection
	GlobalSection(SolutionProperties) = preSolution
		HideSolutionNode = FALSE
	EndGlobalSection
	GlobalSection(ExtensibilityGlobals) = postSolution
		SolutionGuid = {D0CAEFBD-B3BF-45F0-B2FF-8DF5BD0F6C91}
	EndGlobalSection
EndGlobal
