
Microsoft Visual Studio Solution File, Format Version 12.00
# Visual Studio Version 17
VisualStudioVersion = 17.0.32014.148
MinimumVisualStudioVersion = 10.0.40219.1
Project("{8BC9CEB8-8B4A-11D0-8D11-00A0C91BC942}") = "T4_QT", "T4_QT\T4_QT.vcxproj", "{0816ECC7-4B1F-434C-94F5-3DF6319BF20C}"
EndProject
Global
	GlobalSection(SolutionConfigurationPlatforms) = preSolution
		Debug|x64 = Debug|x64
		Release|x64 = Release|x64
	EndGlobalSection
	GlobalSection(ProjectConfigurationPlatforms) = postSolution
		{0816ECC7-4B1F-434C-94F5-3DF6319BF20C}.Debug|x64.ActiveCfg = Debug|x64
		{0816ECC7-4B1F-434C-94F5-3DF6319BF20C}.Debug|x64.Build.0 = Debug|x64
		{0816ECC7-4B1F-434C-94F5-3DF6319BF20C}.Release|x64.ActiveCfg = Release|x64
		{0816ECC7-4B1F-434C-94F5-3DF6319BF20C}.Release|x64.Build.0 = Release|x64
	EndGlobalSection
	GlobalSection(SolutionProperties) = preSolution
		HideSolutionNode = FALSE
	EndGlobalSection
	GlobalSection(ExtensibilityGlobals) = postSolution
		SolutionGuid = {27AD1ED6-8AB4-47FA-89B8-CFD6E1A7AFEB}
	EndGlobalSection
EndGlobal
