
Microsoft Visual Studio Solution File, Format Version 12.00
# Visual Studio 15
VisualStudioVersion = 15.0.28307.1622
MinimumVisualStudioVersion = 10.0.40219.1
Project("{8BC9CEB8-8B4A-11D0-8D11-00A0C91BC942}") = "Project2", "Project2\Project2.vcxproj", "{BD8D2AD6-5611-4164-A0E8-C4869942AE0A}"
EndProject
Global
	GlobalSection(SolutionConfigurationPlatforms) = preSolution
		Debug|x64 = Debug|x64
		Debug|x86 = Debug|x86
		Release|x64 = Release|x64
		Release|x86 = Release|x86
	EndGlobalSection
	GlobalSection(ProjectConfigurationPlatforms) = postSolution
		{BD8D2AD6-5611-4164-A0E8-C4869942AE0A}.Debug|x64.ActiveCfg = Debug|x64
		{BD8D2AD6-5611-4164-A0E8-C4869942AE0A}.Debug|x64.Build.0 = Debug|x64
		{BD8D2AD6-5611-4164-A0E8-C4869942AE0A}.Debug|x86.ActiveCfg = Debug|Win32
		{BD8D2AD6-5611-4164-A0E8-C4869942AE0A}.Debug|x86.Build.0 = Debug|Win32
		{BD8D2AD6-5611-4164-A0E8-C4869942AE0A}.Release|x64.ActiveCfg = Release|x64
		{BD8D2AD6-5611-4164-A0E8-C4869942AE0A}.Release|x64.Build.0 = Release|x64
		{BD8D2AD6-5611-4164-A0E8-C4869942AE0A}.Release|x86.ActiveCfg = Release|Win32
		{BD8D2AD6-5611-4164-A0E8-C4869942AE0A}.Release|x86.Build.0 = Release|Win32
	EndGlobalSection
	GlobalSection(SolutionProperties) = preSolution
		HideSolutionNode = FALSE
	EndGlobalSection
	GlobalSection(ExtensibilityGlobals) = postSolution
		SolutionGuid = {B1853710-8AAA-42AA-8420-D1F755DF678F}
	EndGlobalSection
EndGlobal
