
Microsoft Visual Studio Solution File, Format Version 12.00
# Visual Studio Version 17
VisualStudioVersion = 17.0.32002.185
MinimumVisualStudioVersion = 10.0.40219.1
Project("{8BC9CEB8-8B4A-11D0-8D11-00A0C91BC942}") = "T19(Huffman编码)", "T19(Huffman编码)\T19(Huffman编码).vcxproj", "{0A5FA508-46F4-4682-9341-C5335E9A6186}"
EndProject
Global
	GlobalSection(SolutionConfigurationPlatforms) = preSolution
		Debug|x64 = Debug|x64
		Debug|x86 = Debug|x86
		Release|x64 = Release|x64
		Release|x86 = Release|x86
	EndGlobalSection
	GlobalSection(ProjectConfigurationPlatforms) = postSolution
		{0A5FA508-46F4-4682-9341-C5335E9A6186}.Debug|x64.ActiveCfg = Debug|x64
		{0A5FA508-46F4-4682-9341-C5335E9A6186}.Debug|x64.Build.0 = Debug|x64
		{0A5FA508-46F4-4682-9341-C5335E9A6186}.Debug|x86.ActiveCfg = Debug|Win32
		{0A5FA508-46F4-4682-9341-C5335E9A6186}.Debug|x86.Build.0 = Debug|Win32
		{0A5FA508-46F4-4682-9341-C5335E9A6186}.Release|x64.ActiveCfg = Release|x64
		{0A5FA508-46F4-4682-9341-C5335E9A6186}.Release|x64.Build.0 = Release|x64
		{0A5FA508-46F4-4682-9341-C5335E9A6186}.Release|x86.ActiveCfg = Release|Win32
		{0A5FA508-46F4-4682-9341-C5335E9A6186}.Release|x86.Build.0 = Release|Win32
	EndGlobalSection
	GlobalSection(SolutionProperties) = preSolution
		HideSolutionNode = FALSE
	EndGlobalSection
	GlobalSection(ExtensibilityGlobals) = postSolution
		SolutionGuid = {9FA42950-0ED4-4546-821B-775B6239EE5B}
	EndGlobalSection
EndGlobal
